
Microsoft Visual Studio Solution File, Format Version 12.00
# Visual Studio Version 16
VisualStudioVersion = 16.0.31605.320
MinimumVisualStudioVersion = 10.0.40219.1
Project("{9A19103F-16F7-4668-BE54-9A1E7A4F7556}") = "time.Common", "time.Common\time.Common.csproj", "{DBD5723A-19CB-4F89-B7ED-E55579A4F2BA}"
EndProject
Project("{9A19103F-16F7-4668-BE54-9A1E7A4F7556}") = "time.Functions", "time.Functions\time.Functions.csproj", "{767CF7F1-5D52-4862-9D70-049FE4CE92FB}"
EndProject
Project("{9A19103F-16F7-4668-BE54-9A1E7A4F7556}") = "time.Test", "time.Test\time.Test.csproj", "{B1B1DB11-5FC6-4849-B32A-C34179A93935}"
EndProject
Global
	GlobalSection(SolutionConfigurationPlatforms) = preSolution
		Debug|Any CPU = Debug|Any CPU
		Release|Any CPU = Release|Any CPU
	EndGlobalSection
	GlobalSection(ProjectConfigurationPlatforms) = postSolution
		{DBD5723A-19CB-4F89-B7ED-E55579A4F2BA}.Debug|Any CPU.ActiveCfg = Debug|Any CPU
		{DBD5723A-19CB-4F89-B7ED-E55579A4F2BA}.Debug|Any CPU.Build.0 = Debug|Any CPU
		{DBD5723A-19CB-4F89-B7ED-E55579A4F2BA}.Release|Any CPU.ActiveCfg = Release|Any CPU
		{DBD5723A-19CB-4F89-B7ED-E55579A4F2BA}.Release|Any CPU.Build.0 = Release|Any CPU
		{767CF7F1-5D52-4862-9D70-049FE4CE92FB}.Debug|Any CPU.ActiveCfg = Debug|Any CPU
		{767CF7F1-5D52-4862-9D70-049FE4CE92FB}.Debug|Any CPU.Build.0 = Debug|Any CPU
		{767CF7F1-5D52-4862-9D70-049FE4CE92FB}.Release|Any CPU.ActiveCfg = Release|Any CPU
		{767CF7F1-5D52-4862-9D70-049FE4CE92FB}.Release|Any CPU.Build.0 = Release|Any CPU
		{B1B1DB11-5FC6-4849-B32A-C34179A93935}.Debug|Any CPU.ActiveCfg = Debug|Any CPU
		{B1B1DB11-5FC6-4849-B32A-C34179A93935}.Debug|Any CPU.Build.0 = Debug|Any CPU
		{B1B1DB11-5FC6-4849-B32A-C34179A93935}.Release|Any CPU.ActiveCfg = Release|Any CPU
		{B1B1DB11-5FC6-4849-B32A-C34179A93935}.Release|Any CPU.Build.0 = Release|Any CPU
	EndGlobalSection
	GlobalSection(SolutionProperties) = preSolution
		HideSolutionNode = FALSE
	EndGlobalSection
	GlobalSection(ExtensibilityGlobals) = postSolution
		SolutionGuid = {EF50C7F2-FE8B-4794-97F2-32744EF8FE80}
	EndGlobalSection
EndGlobal
